// !$*UTF8*$!
{
	archiveVersion = 1;
	classes = {
	};
	objectVersion = 55;
	objects = {

/* Begin PBXBuildFile section */
		5B824E7628C0D94B00964CBF /* AppDelegate.swift in Sources */ = {isa = PBXBuildFile; fileRef = 5B824E7528C0D94B00964CBF /* AppDelegate.swift */; };
		5B824E7828C0D94B00964CBF /* SceneDelegate.swift in Sources */ = {isa = PBXBuildFile; fileRef = 5B824E7728C0D94B00964CBF /* SceneDelegate.swift */; };
		5B824E7D28C0D94B00964CBF /* Main.storyboard in Resources */ = {isa = PBXBuildFile; fileRef = 5B824E7B28C0D94B00964CBF /* Main.storyboard */; };
		5B824E7F28C0D94D00964CBF /* Assets.xcassets in Resources */ = {isa = PBXBuildFile; fileRef = 5B824E7E28C0D94D00964CBF /* Assets.xcassets */; };
		5B824E8228C0D94D00964CBF /* LaunchScreen.storyboard in Resources */ = {isa = PBXBuildFile; fileRef = 5B824E8028C0D94D00964CBF /* LaunchScreen.storyboard */; };
		5B824E8B28C0D9B700964CBF /* HomeVC.swift in Sources */ = {isa = PBXBuildFile; fileRef = 5B824E8A28C0D9B700964CBF /* HomeVC.swift */; };
		5B824E8D28C0D9DD00964CBF /* HomeVC+TVDelegate.swift in Sources */ = {isa = PBXBuildFile; fileRef = 5B824E8C28C0D9DD00964CBF /* HomeVC+TVDelegate.swift */; };
		5B824E9828C0E25700964CBF /* tripCell.swift in Sources */ = {isa = PBXBuildFile; fileRef = 5B824E9628C0E25700964CBF /* tripCell.swift */; };
		5B824E9928C0E25700964CBF /* tripCell.xib in Resources */ = {isa = PBXBuildFile; fileRef = 5B824E9728C0E25700964CBF /* tripCell.xib */; };
		5B824E9E28C0E3DF00964CBF /* Map.storyboard in Resources */ = {isa = PBXBuildFile; fileRef = 5B824E9D28C0E3DF00964CBF /* Map.storyboard */; };
		5B824EA128C0E42900964CBF /* MapVC.swift in Sources */ = {isa = PBXBuildFile; fileRef = 5B824EA028C0E42900964CBF /* MapVC.swift */; };
		5B8B97D528C1F12100C74DAC /* GoogleService-Info.plist in Resources */ = {isa = PBXBuildFile; fileRef = 5B8B97D428C1F12100C74DAC /* GoogleService-Info.plist */; };
		5B8CE09028C29B8A0046A7EA /* MKMapView+Ext.swift in Sources */ = {isa = PBXBuildFile; fileRef = 5B8CE08F28C29B8A0046A7EA /* MKMapView+Ext.swift */; };
		5B8E7ED428C3462100844356 /* Trip.swift in Sources */ = {isa = PBXBuildFile; fileRef = 5B8E7ED328C3462100844356 /* Trip.swift */; };
		5B8E7ED628C34AD700844356 /* HomeVC+LocationDelegate.swift in Sources */ = {isa = PBXBuildFile; fileRef = 5B8E7ED528C34AD700844356 /* HomeVC+LocationDelegate.swift */; };
		5B95CAD028C37DE2005F6402 /* MlagTackrTests.swift in Sources */ = {isa = PBXBuildFile; fileRef = 5B95CACF28C37DE2005F6402 /* MlagTackrTests.swift */; };
		5BC1CE4728C38B77006D1F56 /* HomeVCTest.swift in Sources */ = {isa = PBXBuildFile; fileRef = 5BC1CE4628C38B77006D1F56 /* HomeVCTest.swift */; };
		F435D90AC16DB32F263ED6FA /* Pods_MlagTackr.framework in Frameworks */ = {isa = PBXBuildFile; fileRef = 3C5958EA6D7CE6C091C4140E /* Pods_MlagTackr.framework */; };
/* End PBXBuildFile section */

/* Begin PBXContainerItemProxy section */
		5B95CAD128C37DE2005F6402 /* PBXContainerItemProxy */ = {
			isa = PBXContainerItemProxy;
			containerPortal = 5B824E6A28C0D94A00964CBF /* Project object */;
			proxyType = 1;
			remoteGlobalIDString = 5B824E7128C0D94A00964CBF;
			remoteInfo = MlagTackr;
		};
/* End PBXContainerItemProxy section */

/* Begin PBXFileReference section */
		354EE5E55990FBB4E44E1F1B /* Pods-MlagTackr.release.xcconfig */ = {isa = PBXFileReference; includeInIndex = 1; lastKnownFileType = text.xcconfig; name = "Pods-MlagTackr.release.xcconfig"; path = "Target Support Files/Pods-MlagTackr/Pods-MlagTackr.release.xcconfig"; sourceTree = "<group>"; };
		3C5958EA6D7CE6C091C4140E /* Pods_MlagTackr.framework */ = {isa = PBXFileReference; explicitFileType = wrapper.framework; includeInIndex = 0; path = Pods_MlagTackr.framework; sourceTree = BUILT_PRODUCTS_DIR; };
		5B824E7228C0D94A00964CBF /* MlagTackr.app */ = {isa = PBXFileReference; explicitFileType = wrapper.application; includeInIndex = 0; path = MlagTackr.app; sourceTree = BUILT_PRODUCTS_DIR; };
		5B824E7528C0D94B00964CBF /* AppDelegate.swift */ = {isa = PBXFileReference; lastKnownFileType = sourcecode.swift; path = AppDelegate.swift; sourceTree = "<group>"; };
		5B824E7728C0D94B00964CBF /* SceneDelegate.swift */ = {isa = PBXFileReference; lastKnownFileType = sourcecode.swift; path = SceneDelegate.swift; sourceTree = "<group>"; };
		5B824E7C28C0D94B00964CBF /* Base */ = {isa = PBXFileReference; lastKnownFileType = file.storyboard; name = Base; path = Base.lproj/Main.storyboard; sourceTree = "<group>"; };
		5B824E7E28C0D94D00964CBF /* Assets.xcassets */ = {isa = PBXFileReference; lastKnownFileType = folder.assetcatalog; path = Assets.xcassets; sourceTree = "<group>"; };
		5B824E8128C0D94D00964CBF /* Base */ = {isa = PBXFileReference; lastKnownFileType = file.storyboard; name = Base; path = Base.lproj/LaunchScreen.storyboard; sourceTree = "<group>"; };
		5B824E8328C0D94D00964CBF /* Info.plist */ = {isa = PBXFileReference; lastKnownFileType = text.plist.xml; path = Info.plist; sourceTree = "<group>"; };
		5B824E8A28C0D9B700964CBF /* HomeVC.swift */ = {isa = PBXFileReference; lastKnownFileType = sourcecode.swift; path = HomeVC.swift; sourceTree = "<group>"; };
		5B824E8C28C0D9DD00964CBF /* HomeVC+TVDelegate.swift */ = {isa = PBXFileReference; lastKnownFileType = sourcecode.swift; path = "HomeVC+TVDelegate.swift"; sourceTree = "<group>"; };
		5B824E9628C0E25700964CBF /* tripCell.swift */ = {isa = PBXFileReference; lastKnownFileType = sourcecode.swift; path = tripCell.swift; sourceTree = "<group>"; };
		5B824E9728C0E25700964CBF /* tripCell.xib */ = {isa = PBXFileReference; lastKnownFileType = file.xib; path = tripCell.xib; sourceTree = "<group>"; };
		5B824E9D28C0E3DF00964CBF /* Map.storyboard */ = {isa = PBXFileReference; lastKnownFileType = file.storyboard; path = Map.storyboard; sourceTree = "<group>"; };
		5B824EA028C0E42900964CBF /* MapVC.swift */ = {isa = PBXFileReference; lastKnownFileType = sourcecode.swift; path = MapVC.swift; sourceTree = "<group>"; };
		5B8B97D428C1F12100C74DAC /* GoogleService-Info.plist */ = {isa = PBXFileReference; fileEncoding = 4; lastKnownFileType = text.plist.xml; path = "GoogleService-Info.plist"; sourceTree = "<group>"; };
		5B8CE08F28C29B8A0046A7EA /* MKMapView+Ext.swift */ = {isa = PBXFileReference; lastKnownFileType = sourcecode.swift; path = "MKMapView+Ext.swift"; sourceTree = "<group>"; };
		5B8E7ED328C3462100844356 /* Trip.swift */ = {isa = PBXFileReference; lastKnownFileType = sourcecode.swift; path = Trip.swift; sourceTree = "<group>"; };
		5B8E7ED528C34AD700844356 /* HomeVC+LocationDelegate.swift */ = {isa = PBXFileReference; lastKnownFileType = sourcecode.swift; path = "HomeVC+LocationDelegate.swift"; sourceTree = "<group>"; };
		5B95CACD28C37DE2005F6402 /* MlagTackrTests.xctest */ = {isa = PBXFileReference; explicitFileType = wrapper.cfbundle; includeInIndex = 0; path = MlagTackrTests.xctest; sourceTree = BUILT_PRODUCTS_DIR; };
		5B95CACF28C37DE2005F6402 /* MlagTackrTests.swift */ = {isa = PBXFileReference; lastKnownFileType = sourcecode.swift; path = MlagTackrTests.swift; sourceTree = "<group>"; };
		5BC1CE4628C38B77006D1F56 /* HomeVCTest.swift */ = {isa = PBXFileReference; lastKnownFileType = sourcecode.swift; path = HomeVCTest.swift; sourceTree = "<group>"; };
		E0ED5DDE35CA0136A9C8870D /* Pods-MlagTackr.debug.xcconfig */ = {isa = PBXFileReference; includeInIndex = 1; lastKnownFileType = text.xcconfig; name = "Pods-MlagTackr.debug.xcconfig"; path = "Target Support Files/Pods-MlagTackr/Pods-MlagTackr.debug.xcconfig"; sourceTree = "<group>"; };
/* End PBXFileReference section */

/* Begin PBXFrameworksBuildPhase section */
		5B824E6F28C0D94A00964CBF /* Frameworks */ = {
			isa = PBXFrameworksBuildPhase;
			buildActionMask = 2147483647;
			files = (
				F435D90AC16DB32F263ED6FA /* Pods_MlagTackr.framework in Frameworks */,
			);
			runOnlyForDeploymentPostprocessing = 0;
		};
		5B95CACA28C37DE2005F6402 /* Frameworks */ = {
			isa = PBXFrameworksBuildPhase;
			buildActionMask = 2147483647;
			files = (
			);
			runOnlyForDeploymentPostprocessing = 0;
		};
/* End PBXFrameworksBuildPhase section */

/* Begin PBXGroup section */
		5B824E6928C0D94A00964CBF = {
			isa = PBXGroup;
			children = (
				5B824E7428C0D94B00964CBF /* MlagTackr */,
				5B95CACE28C37DE2005F6402 /* MlagTackrTests */,
				5B824E7328C0D94A00964CBF /* Products */,
				F9949473E0823EA9F92609C9 /* Pods */,
				89ED9BF70DF97F7313BE87C7 /* Frameworks */,
			);
			sourceTree = "<group>";
		};
		5B824E7328C0D94A00964CBF /* Products */ = {
			isa = PBXGroup;
			children = (
				5B824E7228C0D94A00964CBF /* MlagTackr.app */,
				5B95CACD28C37DE2005F6402 /* MlagTackrTests.xctest */,
			);
			name = Products;
			sourceTree = "<group>";
		};
		5B824E7428C0D94B00964CBF /* MlagTackr */ = {
			isa = PBXGroup;
			children = (
				5BA3120228C37176001D9960 /* AppDelegate */,
				5B8E7ED228C3461200844356 /* Models */,
				5B824E8E28C0E0C800964CBF /* Views */,
				5B824E9B28C0E31500964CBF /* Controllers */,
				5B8CE08E28C29B720046A7EA /* Extensions */,
				5B824E8328C0D94D00964CBF /* Info.plist */,
				5B8B97D428C1F12100C74DAC /* GoogleService-Info.plist */,
			);
			path = MlagTackr;
			sourceTree = "<group>";
		};
		5B824E8928C0D99800964CBF /* HomeVC */ = {
			isa = PBXGroup;
			children = (
				5B824E8A28C0D9B700964CBF /* HomeVC.swift */,
				5B824E8C28C0D9DD00964CBF /* HomeVC+TVDelegate.swift */,
				5B8E7ED528C34AD700844356 /* HomeVC+LocationDelegate.swift */,
			);
			path = HomeVC;
			sourceTree = "<group>";
		};
		5B824E8E28C0E0C800964CBF /* Views */ = {
			isa = PBXGroup;
			children = (
				5BA3120328C37193001D9960 /* images */,
				5B824E9C28C0E33A00964CBF /* StoryBoards */,
				5B824E8F28C0E0D200964CBF /* Custom cells */,
			);
			path = Views;
			sourceTree = "<group>";
		};
		5B824E8F28C0E0D200964CBF /* Custom cells */ = {
			isa = PBXGroup;
			children = (
				5B824E9428C0E0FC00964CBF /* XIB's */,
				5B824E9528C0E10D00964CBF /* Xib's classes */,
			);
			path = "Custom cells";
			sourceTree = "<group>";
		};
		5B824E9428C0E0FC00964CBF /* XIB's */ = {
			isa = PBXGroup;
			children = (
				5B824E9728C0E25700964CBF /* tripCell.xib */,
			);
			path = "XIB's";
			sourceTree = "<group>";
		};
		5B824E9528C0E10D00964CBF /* Xib's classes */ = {
			isa = PBXGroup;
			children = (
				5B824E9628C0E25700964CBF /* tripCell.swift */,
			);
			path = "Xib's classes";
			sourceTree = "<group>";
		};
		5B824E9B28C0E31500964CBF /* Controllers */ = {
			isa = PBXGroup;
			children = (
				5B824E9F28C0E40E00964CBF /* MapVC */,
				5B824E8928C0D99800964CBF /* HomeVC */,
			);
			path = Controllers;
			sourceTree = "<group>";
		};
		5B824E9C28C0E33A00964CBF /* StoryBoards */ = {
			isa = PBXGroup;
			children = (
				5B824E8028C0D94D00964CBF /* LaunchScreen.storyboard */,
				5B824E7B28C0D94B00964CBF /* Main.storyboard */,
				5B824E9D28C0E3DF00964CBF /* Map.storyboard */,
			);
			path = StoryBoards;
			sourceTree = "<group>";
		};
		5B824E9F28C0E40E00964CBF /* MapVC */ = {
			isa = PBXGroup;
			children = (
				5B824EA028C0E42900964CBF /* MapVC.swift */,
			);
			path = MapVC;
			sourceTree = "<group>";
		};
		5B8CE08E28C29B720046A7EA /* Extensions */ = {
			isa = PBXGroup;
			children = (
				5B8CE08F28C29B8A0046A7EA /* MKMapView+Ext.swift */,
			);
			path = Extensions;
			sourceTree = "<group>";
		};
		5B8E7ED228C3461200844356 /* Models */ = {
			isa = PBXGroup;
			children = (
				5B8E7ED328C3462100844356 /* Trip.swift */,
			);
			path = Models;
			sourceTree = "<group>";
		};
		5B95CACE28C37DE2005F6402 /* MlagTackrTests */ = {
			isa = PBXGroup;
			children = (
				5B95CACF28C37DE2005F6402 /* MlagTackrTests.swift */,
				5BC1CE4628C38B77006D1F56 /* HomeVCTest.swift */,
			);
			path = MlagTackrTests;
			sourceTree = "<group>";
		};
		5BA3120228C37176001D9960 /* AppDelegate */ = {
			isa = PBXGroup;
			children = (
				5B824E7528C0D94B00964CBF /* AppDelegate.swift */,
				5B824E7728C0D94B00964CBF /* SceneDelegate.swift */,
			);
			path = AppDelegate;
			sourceTree = "<group>";
		};
		5BA3120328C37193001D9960 /* images */ = {
			isa = PBXGroup;
			children = (
				5B824E7E28C0D94D00964CBF /* Assets.xcassets */,
			);
			path = images;
			sourceTree = "<group>";
		};
		89ED9BF70DF97F7313BE87C7 /* Frameworks */ = {
			isa = PBXGroup;
			children = (
				3C5958EA6D7CE6C091C4140E /* Pods_MlagTackr.framework */,
			);
			name = Frameworks;
			sourceTree = "<group>";
		};
		F9949473E0823EA9F92609C9 /* Pods */ = {
			isa = PBXGroup;
			children = (
				E0ED5DDE35CA0136A9C8870D /* Pods-MlagTackr.debug.xcconfig */,
				354EE5E55990FBB4E44E1F1B /* Pods-MlagTackr.release.xcconfig */,
			);
			path = Pods;
			sourceTree = "<group>";
		};
/* End PBXGroup section */

/* Begin PBXNativeTarget section */
		5B824E7128C0D94A00964CBF /* MlagTackr */ = {
			isa = PBXNativeTarget;
			buildConfigurationList = 5B824E8628C0D94D00964CBF /* Build configuration list for PBXNativeTarget "MlagTackr" */;
			buildPhases = (
				9DD92599235FB9080ECA5307 /* [CP] Check Pods Manifest.lock */,
				5B824E6E28C0D94A00964CBF /* Sources */,
				5B824E6F28C0D94A00964CBF /* Frameworks */,
				5B824E7028C0D94A00964CBF /* Resources */,
				F9E6E89BE5D1B4AD9CCCB36D /* [CP] Embed Pods Frameworks */,
			);
			buildRules = (
			);
			dependencies = (
			);
			name = MlagTackr;
			productName = MlagTackr;
			productReference = 5B824E7228C0D94A00964CBF /* MlagTackr.app */;
			productType = "com.apple.product-type.application";
		};
		5B95CACC28C37DE2005F6402 /* MlagTackrTests */ = {
			isa = PBXNativeTarget;
			buildConfigurationList = 5B95CAD528C37DE2005F6402 /* Build configuration list for PBXNativeTarget "MlagTackrTests" */;
			buildPhases = (
				5B95CAC928C37DE2005F6402 /* Sources */,
				5B95CACA28C37DE2005F6402 /* Frameworks */,
				5B95CACB28C37DE2005F6402 /* Resources */,
			);
			buildRules = (
			);
			dependencies = (
				5B95CAD228C37DE2005F6402 /* PBXTargetDependency */,
			);
			name = MlagTackrTests;
			productName = MlagTackrTests;
			productReference = 5B95CACD28C37DE2005F6402 /* MlagTackrTests.xctest */;
			productType = "com.apple.product-type.bundle.unit-test";
		};
/* End PBXNativeTarget section */

/* Begin PBXProject section */
		5B824E6A28C0D94A00964CBF /* Project object */ = {
			isa = PBXProject;
			attributes = {
				BuildIndependentTargetsInParallel = 1;
				LastSwiftUpdateCheck = 1300;
				LastUpgradeCheck = 1300;
				TargetAttributes = {
					5B824E7128C0D94A00964CBF = {
						CreatedOnToolsVersion = 13.0;
					};
					5B95CACC28C37DE2005F6402 = {
						CreatedOnToolsVersion = 13.0;
						TestTargetID = 5B824E7128C0D94A00964CBF;
					};
				};
			};
			buildConfigurationList = 5B824E6D28C0D94A00964CBF /* Build configuration list for PBXProject "MlagTackr" */;
			compatibilityVersion = "Xcode 13.0";
			developmentRegion = en;
			hasScannedForEncodings = 0;
			knownRegions = (
				en,
				Base,
			);
			mainGroup = 5B824E6928C0D94A00964CBF;
			productRefGroup = 5B824E7328C0D94A00964CBF /* Products */;
			projectDirPath = "";
			projectRoot = "";
			targets = (
				5B824E7128C0D94A00964CBF /* MlagTackr */,
				5B95CACC28C37DE2005F6402 /* MlagTackrTests */,
			);
		};
/* End PBXProject section */

/* Begin PBXResourcesBuildPhase section */
		5B824E7028C0D94A00964CBF /* Resources */ = {
			isa = PBXResourcesBuildPhase;
			buildActionMask = 2147483647;
			files = (
				5B824E9928C0E25700964CBF /* tripCell.xib in Resources */,
				5B824E8228C0D94D00964CBF /* LaunchScreen.storyboard in Resources */,
				5B824E9E28C0E3DF00964CBF /* Map.storyboard in Resources */,
				5B824E7F28C0D94D00964CBF /* Assets.xcassets in Resources */,
				5B824E7D28C0D94B00964CBF /* Main.storyboard in Resources */,
				5B8B97D528C1F12100C74DAC /* GoogleService-Info.plist in Resources */,
			);
			runOnlyForDeploymentPostprocessing = 0;
		};
		5B95CACB28C37DE2005F6402 /* Resources */ = {
			isa = PBXResourcesBuildPhase;
			buildActionMask = 2147483647;
			files = (
			);
			runOnlyForDeploymentPostprocessing = 0;
		};
/* End PBXResourcesBuildPhase section */

/* Begin PBXShellScriptBuildPhase section */
		9DD92599235FB9080ECA5307 /* [CP] Check Pods Manifest.lock */ = {
			isa = PBXShellScriptBuildPhase;
			buildActionMask = 2147483647;
			files = (
			);
			inputFileListPaths = (
			);
			inputPaths = (
				"${PODS_PODFILE_DIR_PATH}/Podfile.lock",
				"${PODS_ROOT}/Manifest.lock",
			);
			name = "[CP] Check Pods Manifest.lock";
			outputFileListPaths = (
			);
			outputPaths = (
				"$(DERIVED_FILE_DIR)/Pods-MlagTackr-checkManifestLockResult.txt",
			);
			runOnlyForDeploymentPostprocessing = 0;
			shellPath = /bin/sh;
			shellScript = "diff \"${PODS_PODFILE_DIR_PATH}/Podfile.lock\" \"${PODS_ROOT}/Manifest.lock\" > /dev/null\nif [ $? != 0 ] ; then\n    # print error to STDERR\n    echo \"error: The sandbox is not in sync with the Podfile.lock. Run 'pod install' or update your CocoaPods installation.\" >&2\n    exit 1\nfi\n# This output is used by Xcode 'outputs' to avoid re-running this script phase.\necho \"SUCCESS\" > \"${SCRIPT_OUTPUT_FILE_0}\"\n";
			showEnvVarsInLog = 0;
		};
		F9E6E89BE5D1B4AD9CCCB36D /* [CP] Embed Pods Frameworks */ = {
			isa = PBXShellScriptBuildPhase;
			buildActionMask = 2147483647;
			files = (
			);
			inputFileListPaths = (
				"${PODS_ROOT}/Target Support Files/Pods-MlagTackr/Pods-MlagTackr-frameworks-${CONFIGURATION}-input-files.xcfilelist",
			);
			name = "[CP] Embed Pods Frameworks";
			outputFileListPaths = (
				"${PODS_ROOT}/Target Support Files/Pods-MlagTackr/Pods-MlagTackr-frameworks-${CONFIGURATION}-output-files.xcfilelist",
			);
			runOnlyForDeploymentPostprocessing = 0;
			shellPath = /bin/sh;
			shellScript = "\"${PODS_ROOT}/Target Support Files/Pods-MlagTackr/Pods-MlagTackr-frameworks.sh\"\n";
			showEnvVarsInLog = 0;
		};
/* End PBXShellScriptBuildPhase section */

/* Begin PBXSourcesBuildPhase section */
		5B824E6E28C0D94A00964CBF /* Sources */ = {
			isa = PBXSourcesBuildPhase;
			buildActionMask = 2147483647;
			files = (
				5B8E7ED628C34AD700844356 /* HomeVC+LocationDelegate.swift in Sources */,
				5B824E8B28C0D9B700964CBF /* HomeVC.swift in Sources */,
				5B824EA128C0E42900964CBF /* MapVC.swift in Sources */,
				5B8CE09028C29B8A0046A7EA /* MKMapView+Ext.swift in Sources */,
				5B824E9828C0E25700964CBF /* tripCell.swift in Sources */,
				5B8E7ED428C3462100844356 /* Trip.swift in Sources */,
				5B824E7628C0D94B00964CBF /* AppDelegate.swift in Sources */,
				5B824E8D28C0D9DD00964CBF /* HomeVC+TVDelegate.swift in Sources */,
				5B824E7828C0D94B00964CBF /* SceneDelegate.swift in Sources */,
			);
			runOnlyForDeploymentPostprocessing = 0;
		};
		5B95CAC928C37DE2005F6402 /* Sources */ = {
			isa = PBXSourcesBuildPhase;
			buildActionMask = 2147483647;
			files = (
				5B95CAD028C37DE2005F6402 /* MlagTackrTests.swift in Sources */,
				5BC1CE4728C38B77006D1F56 /* HomeVCTest.swift in Sources */,
			);
			runOnlyForDeploymentPostprocessing = 0;
		};
/* End PBXSourcesBuildPhase section */

/* Begin PBXTargetDependency section */
		5B95CAD228C37DE2005F6402 /* PBXTargetDependency */ = {
			isa = PBXTargetDependency;
			target = 5B824E7128C0D94A00964CBF /* MlagTackr */;
			targetProxy = 5B95CAD128C37DE2005F6402 /* PBXContainerItemProxy */;
		};
/* End PBXTargetDependency section */

/* Begin PBXVariantGroup section */
		5B824E7B28C0D94B00964CBF /* Main.storyboard */ = {
			isa = PBXVariantGroup;
			children = (
				5B824E7C28C0D94B00964CBF /* Base */,
			);
			name = Main.storyboard;
			sourceTree = "<group>";
		};
		5B824E8028C0D94D00964CBF /* LaunchScreen.storyboard */ = {
			isa = PBXVariantGroup;
			children = (
				5B824E8128C0D94D00964CBF /* Base */,
			);
			name = LaunchScreen.storyboard;
			sourceTree = "<group>";
		};
/* End PBXVariantGroup section */

/* Begin XCBuildConfiguration section */
		5B824E8428C0D94D00964CBF /* Debug */ = {
			isa = XCBuildConfiguration;
			buildSettings = {
				ALWAYS_SEARCH_USER_PATHS = NO;
				CLANG_ANALYZER_NONNULL = YES;
				CLANG_ANALYZER_NUMBER_OBJECT_CONVERSION = YES_AGGRESSIVE;
				CLANG_CXX_LANGUAGE_STANDARD = "gnu++17";
				CLANG_CXX_LIBRARY = "libc++";
				CLANG_ENABLE_MODULES = YES;
				CLANG_ENABLE_OBJC_ARC = YES;
				CLANG_ENABLE_OBJC_WEAK = YES;
				CLANG_WARN_BLOCK_CAPTURE_AUTORELEASING = YES;
				CLANG_WARN_BOOL_CONVERSION = YES;
				CLANG_WARN_COMMA = YES;
				CLANG_WARN_CONSTANT_CONVERSION = YES;
				CLANG_WARN_DEPRECATED_OBJC_IMPLEMENTATIONS = YES;
				CLANG_WARN_DIRECT_OBJC_ISA_USAGE = YES_ERROR;
				CLANG_WARN_DOCUMENTATION_COMMENTS = YES;
				CLANG_WARN_EMPTY_BODY = YES;
				CLANG_WARN_ENUM_CONVERSION = YES;
				CLANG_WARN_INFINITE_RECURSION = YES;
				CLANG_WARN_INT_CONVERSION = YES;
				CLANG_WARN_NON_LITERAL_NULL_CONVERSION = YES;
				CLANG_WARN_OBJC_IMPLICIT_RETAIN_SELF = YES;
				CLANG_WARN_OBJC_LITERAL_CONVERSION = YES;
				CLANG_WARN_OBJC_ROOT_CLASS = YES_ERROR;
				CLANG_WARN_QUOTED_INCLUDE_IN_FRAMEWORK_HEADER = YES;
				CLANG_WARN_RANGE_LOOP_ANALYSIS = YES;
				CLANG_WARN_STRICT_PROTOTYPES = YES;
				CLANG_WARN_SUSPICIOUS_MOVE = YES;
				CLANG_WARN_UNGUARDED_AVAILABILITY = YES_AGGRESSIVE;
				CLANG_WARN_UNREACHABLE_CODE = YES;
				CLANG_WARN__DUPLICATE_METHOD_MATCH = YES;
				COPY_PHASE_STRIP = NO;
				DEBUG_INFORMATION_FORMAT = dwarf;
				ENABLE_STRICT_OBJC_MSGSEND = YES;
				ENABLE_TESTABILITY = YES;
				GCC_C_LANGUAGE_STANDARD = gnu11;
				GCC_DYNAMIC_NO_PIC = NO;
				GCC_NO_COMMON_BLOCKS = YES;
				GCC_OPTIMIZATION_LEVEL = 0;
				GCC_PREPROCESSOR_DEFINITIONS = (
					"DEBUG=1",
					"$(inherited)",
				);
				GCC_WARN_64_TO_32_BIT_CONVERSION = YES;
				GCC_WARN_ABOUT_RETURN_TYPE = YES_ERROR;
				GCC_WARN_UNDECLARED_SELECTOR = YES;
				GCC_WARN_UNINITIALIZED_AUTOS = YES_AGGRESSIVE;
				GCC_WARN_UNUSED_FUNCTION = YES;
				GCC_WARN_UNUSED_VARIABLE = YES;
				IPHONEOS_DEPLOYMENT_TARGET = 15.0;
				MTL_ENABLE_DEBUG_INFO = INCLUDE_SOURCE;
				MTL_FAST_MATH = YES;
				ONLY_ACTIVE_ARCH = YES;
				SDKROOT = iphoneos;
				SWIFT_ACTIVE_COMPILATION_CONDITIONS = DEBUG;
				SWIFT_OPTIMIZATION_LEVEL = "-Onone";
			};
			name = Debug;
		};
		5B824E8528C0D94D00964CBF /* Release */ = {
			isa = XCBuildConfiguration;
			buildSettings = {
				ALWAYS_SEARCH_USER_PATHS = NO;
				CLANG_ANALYZER_NONNULL = YES;
				CLANG_ANALYZER_NUMBER_OBJECT_CONVERSION = YES_AGGRESSIVE;
				CLANG_CXX_LANGUAGE_STANDARD = "gnu++17";
				CLANG_CXX_LIBRARY = "libc++";
				CLANG_ENABLE_MODULES = YES;
				CLANG_ENABLE_OBJC_ARC = YES;
				CLANG_ENABLE_OBJC_WEAK = YES;
				CLANG_WARN_BLOCK_CAPTURE_AUTORELEASING = YES;
				CLANG_WARN_BOOL_CONVERSION = YES;
				CLANG_WARN_COMMA = YES;
				CLANG_WARN_CONSTANT_CONVERSION = YES;
				CLANG_WARN_DEPRECATED_OBJC_IMPLEMENTATIONS = YES;
				CLANG_WARN_DIRECT_OBJC_ISA_USAGE = YES_ERROR;
				CLANG_WARN_DOCUMENTATION_COMMENTS = YES;
				CLANG_WARN_EMPTY_BODY = YES;
				CLANG_WARN_ENUM_CONVERSION = YES;
				CLANG_WARN_INFINITE_RECURSION = YES;
				CLANG_WARN_INT_CONVERSION = YES;
				CLANG_WARN_NON_LITERAL_NULL_CONVERSION = YES;
				CLANG_WARN_OBJC_IMPLICIT_RETAIN_SELF = YES;
				CLANG_WARN_OBJC_LITERAL_CONVERSION = YES;
				CLANG_WARN_OBJC_ROOT_CLASS = YES_ERROR;
				CLANG_WARN_QUOTED_INCLUDE_IN_FRAMEWORK_HEADER = YES;
				CLANG_WARN_RANGE_LOOP_ANALYSIS = YES;
				CLANG_WARN_STRICT_PROTOTYPES = YES;
				CLANG_WARN_SUSPICIOUS_MOVE = YES;
				CLANG_WARN_UNGUARDED_AVAILABILITY = YES_AGGRESSIVE;
				CLANG_WARN_UNREACHABLE_CODE = YES;
				CLANG_WARN__DUPLICATE_METHOD_MATCH = YES;
				COPY_PHASE_STRIP = NO;
				DEBUG_INFORMATION_FORMAT = "dwarf-with-dsym";
				ENABLE_NS_ASSERTIONS = NO;
				ENABLE_STRICT_OBJC_MSGSEND = YES;
				GCC_C_LANGUAGE_STANDARD = gnu11;
				GCC_NO_COMMON_BLOCKS = YES;
				GCC_WARN_64_TO_32_BIT_CONVERSION = YES;
				GCC_WARN_ABOUT_RETURN_TYPE = YES_ERROR;
				GCC_WARN_UNDECLARED_SELECTOR = YES;
				GCC_WARN_UNINITIALIZED_AUTOS = YES_AGGRESSIVE;
				GCC_WARN_UNUSED_FUNCTION = YES;
				GCC_WARN_UNUSED_VARIABLE = YES;
				IPHONEOS_DEPLOYMENT_TARGET = 15.0;
				MTL_ENABLE_DEBUG_INFO = NO;
				MTL_FAST_MATH = YES;
				SDKROOT = iphoneos;
				SWIFT_COMPILATION_MODE = wholemodule;
				SWIFT_OPTIMIZATION_LEVEL = "-O";
				VALIDATE_PRODUCT = YES;
			};
			name = Release;
		};
		5B824E8728C0D94D00964CBF /* Debug */ = {
			isa = XCBuildConfiguration;
			baseConfigurationReference = E0ED5DDE35CA0136A9C8870D /* Pods-MlagTackr.debug.xcconfig */;
			buildSettings = {
				ASSETCATALOG_COMPILER_APPICON_NAME = AppIcon;
				ASSETCATALOG_COMPILER_GLOBAL_ACCENT_COLOR_NAME = AccentColor;
				CODE_SIGN_STYLE = Automatic;
				CURRENT_PROJECT_VERSION = 1;
				DEVELOPMENT_TEAM = UC3D25543F;
				GENERATE_INFOPLIST_FILE = YES;
				INFOPLIST_FILE = MlagTackr/Info.plist;
				INFOPLIST_KEY_NSLocationAlwaysAndWhenInUseUsageDescription = acess;
				INFOPLIST_KEY_NSLocationAlwaysUsageDescription = Acess;
				INFOPLIST_KEY_NSLocationWhenInUseUsageDescription = Access;
				INFOPLIST_KEY_UIApplicationSupportsIndirectInputEvents = YES;
				INFOPLIST_KEY_UILaunchStoryboardName = LaunchScreen;
				INFOPLIST_KEY_UIMainStoryboardFile = Main;
				INFOPLIST_KEY_UISupportedInterfaceOrientations_iPad = "UIInterfaceOrientationPortrait UIInterfaceOrientationPortraitUpsideDown UIInterfaceOrientationLandscapeLeft UIInterfaceOrientationLandscapeRight";
				INFOPLIST_KEY_UISupportedInterfaceOrientations_iPhone = "UIInterfaceOrientationPortrait UIInterfaceOrientationLandscapeLeft UIInterfaceOrientationLandscapeRight";
				INFOPLIST_KEY_UIUserInterfaceStyle = light;
				LD_RUNPATH_SEARCH_PATHS = (
					"$(inherited)",
					"@executable_path/Frameworks",
				);
				MARKETING_VERSION = 1.0;
				PRODUCT_BUNDLE_IDENTIFIER = MohamedNAjeh.MlagTackr;
				PRODUCT_NAME = "$(TARGET_NAME)";
				SWIFT_EMIT_LOC_STRINGS = YES;
				SWIFT_VERSION = 5.0;
				TARGETED_DEVICE_FAMILY = "1,2";
			};
			name = Debug;
		};
		5B824E8828C0D94D00964CBF /* Release */ = {
			isa = XCBuildConfiguration;
			baseConfigurationReference = 354EE5E55990FBB4E44E1F1B /* Pods-MlagTackr.release.xcconfig */;
			buildSettings = {
				ASSETCATALOG_COMPILER_APPICON_NAME = AppIcon;
				ASSETCATALOG_COMPILER_GLOBAL_ACCENT_COLOR_NAME = AccentColor;
				CODE_SIGN_STYLE = Automatic;
				CURRENT_PROJECT_VERSION = 1;
				DEVELOPMENT_TEAM = UC3D25543F;
				GENERATE_INFOPLIST_FILE = YES;
				INFOPLIST_FILE = MlagTackr/Info.plist;
				INFOPLIST_KEY_NSLocationAlwaysAndWhenInUseUsageDescription = acess;
				INFOPLIST_KEY_NSLocationAlwaysUsageDescription = Acess;
				INFOPLIST_KEY_NSLocationWhenInUseUsageDescription = Access;
				INFOPLIST_KEY_UIApplicationSupportsIndirectInputEvents = YES;
				INFOPLIST_KEY_UILaunchStoryboardName = LaunchScreen;
				INFOPLIST_KEY_UIMainStoryboardFile = Main;
				INFOPLIST_KEY_UISupportedInterfaceOrientations_iPad = "UIInterfaceOrientationPortrait UIInterfaceOrientationPortraitUpsideDown UIInterfaceOrientationLandscapeLeft UIInterfaceOrientationLandscapeRight";
				INFOPLIST_KEY_UISupportedInterfaceOrientations_iPhone = "UIInterfaceOrientationPortrait UIInterfaceOrientationLandscapeLeft UIInterfaceOrientationLandscapeRight";
				INFOPLIST_KEY_UIUserInterfaceStyle = light;
				LD_RUNPATH_SEARCH_PATHS = (
					"$(inherited)",
					"@executable_path/Frameworks",
				);
				MARKETING_VERSION = 1.0;
				PRODUCT_BUNDLE_IDENTIFIER = MohamedNAjeh.MlagTackr;
				PRODUCT_NAME = "$(TARGET_NAME)";
				SWIFT_EMIT_LOC_STRINGS = YES;
				SWIFT_VERSION = 5.0;
				TARGETED_DEVICE_FAMILY = "1,2";
			};
			name = Release;
		};
		5B95CAD328C37DE2005F6402 /* Debug */ = {
			isa = XCBuildConfiguration;
			buildSettings = {
				BUNDLE_LOADER = "$(TEST_HOST)";
				CODE_SIGN_STYLE = Automatic;
				CURRENT_PROJECT_VERSION = 1;
				DEVELOPMENT_TEAM = UC3D25543F;
				GENERATE_INFOPLIST_FILE = YES;
				LD_RUNPATH_SEARCH_PATHS = (
					"$(inherited)",
					"@executable_path/Frameworks",
					"@loader_path/Frameworks",
				);
				MARKETING_VERSION = 1.0;
				PRODUCT_BUNDLE_IDENTIFIER = MohamedNAjeh.MlagTackrTests;
				PRODUCT_NAME = "$(TARGET_NAME)";
				SWIFT_EMIT_LOC_STRINGS = NO;
				SWIFT_VERSION = 5.0;
				TARGETED_DEVICE_FAMILY = "1,2";
				TEST_HOST = "$(BUILT_PRODUCTS_DIR)/MlagTackr.app/MlagTackr";
			};
			name = Debug;
		};
		5B95CAD428C37DE2005F6402 /* Release */ = {
			isa = XCBuildConfiguration;
			buildSettings = {
				BUNDLE_LOADER = "$(TEST_HOST)";
				CODE_SIGN_STYLE = Automatic;
				CURRENT_PROJECT_VERSION = 1;
				DEVELOPMENT_TEAM = UC3D25543F;
				GENERATE_INFOPLIST_FILE = YES;
				LD_RUNPATH_SEARCH_PATHS = (
					"$(inherited)",
					"@executable_path/Frameworks",
					"@loader_path/Frameworks",
				);
				MARKETING_VERSION = 1.0;
				PRODUCT_BUNDLE_IDENTIFIER = MohamedNAjeh.MlagTackrTests;
				PRODUCT_NAME = "$(TARGET_NAME)";
				SWIFT_EMIT_LOC_STRINGS = NO;
				SWIFT_VERSION = 5.0;
				TARGETED_DEVICE_FAMILY = "1,2";
				TEST_HOST = "$(BUILT_PRODUCTS_DIR)/MlagTackr.app/MlagTackr";
			};
			name = Release;
		};
/* End XCBuildConfiguration section */

/* Begin XCConfigurationList section */
		5B824E6D28C0D94A00964CBF /* Build configuration list for PBXProject "MlagTackr" */ = {
			isa = XCConfigurationList;
			buildConfigurations = (
				5B824E8428C0D94D00964CBF /* Debug */,
				5B824E8528C0D94D00964CBF /* Release */,
			);
			defaultConfigurationIsVisible = 0;
			defaultConfigurationName = Release;
		};
		5B824E8628C0D94D00964CBF /* Build configuration list for PBXNativeTarget "MlagTackr" */ = {
			isa = XCConfigurationList;
			buildConfigurations = (
				5B824E8728C0D94D00964CBF /* Debug */,
				5B824E8828C0D94D00964CBF /* Release */,
			);
			defaultConfigurationIsVisible = 0;
			defaultConfigurationName = Release;
		};
		5B95CAD528C37DE2005F6402 /* Build configuration list for PBXNativeTarget "MlagTackrTests" */ = {
			isa = XCConfigurationList;
			buildConfigurations = (
				5B95CAD328C37DE2005F6402 /* Debug */,
				5B95CAD428C37DE2005F6402 /* Release */,
			);
			defaultConfigurationIsVisible = 0;
			defaultConfigurationName = Release;
		};
/* End XCConfigurationList section */
	};
	rootObject = 5B824E6A28C0D94A00964CBF /* Project object */;
}
